// !$*UTF8*$!
{
	archiveVersion = 1;
	classes = {
	};
	objectVersion = 50;
	objects = {

/* Begin PBXBuildFile section */
		778E901A23E39E70002F067A /* AppDelegate.swift in Sources */ = {isa = PBXBuildFile; fileRef = 778E901923E39E70002F067A /* AppDelegate.swift */; };
		778E901C23E39E70002F067A /* SceneDelegate.swift in Sources */ = {isa = PBXBuildFile; fileRef = 778E901B23E39E70002F067A /* SceneDelegate.swift */; };
		778E901F23E39E70002F067A /* SWAPI_SwiftUI.xcdatamodeld in Sources */ = {isa = PBXBuildFile; fileRef = 778E901D23E39E70002F067A /* SWAPI_SwiftUI.xcdatamodeld */; };
		778E902123E39E70002F067A /* ContentView.swift in Sources */ = {isa = PBXBuildFile; fileRef = 778E902023E39E70002F067A /* ContentView.swift */; };
		778E902323E39E72002F067A /* Assets.xcassets in Resources */ = {isa = PBXBuildFile; fileRef = 778E902223E39E72002F067A /* Assets.xcassets */; };
		778E902623E39E72002F067A /* Preview Assets.xcassets in Resources */ = {isa = PBXBuildFile; fileRef = 778E902523E39E72002F067A /* Preview Assets.xcassets */; };
		778E902923E39E72002F067A /* LaunchScreen.storyboard in Resources */ = {isa = PBXBuildFile; fileRef = 778E902723E39E72002F067A /* LaunchScreen.storyboard */; };
		778E903423E39E72002F067A /* SWAPI_SwiftUITests.swift in Sources */ = {isa = PBXBuildFile; fileRef = 778E903323E39E72002F067A /* SWAPI_SwiftUITests.swift */; };
		778E903F23E39E72002F067A /* SWAPI_SwiftUIUITests.swift in Sources */ = {isa = PBXBuildFile; fileRef = 778E903E23E39E72002F067A /* SWAPI_SwiftUIUITests.swift */; };
		778E904D23E39F31002F067A /* MenuScreen.swift in Sources */ = {isa = PBXBuildFile; fileRef = 778E904C23E39F31002F067A /* MenuScreen.swift */; };
		778E904F23E4887A002F067A /* Character.swift in Sources */ = {isa = PBXBuildFile; fileRef = 778E904E23E4887A002F067A /* Character.swift */; };
		77C1AEE923EA1BE700EFAF31 /* Starjedi.ttf in Resources */ = {isa = PBXBuildFile; fileRef = 77C1AEE823EA1BE700EFAF31 /* Starjedi.ttf */; };
		77C1AEEB23EA22E500EFAF31 /* CharacterData.swift in Sources */ = {isa = PBXBuildFile; fileRef = 77C1AEEA23EA22E500EFAF31 /* CharacterData.swift */; };
		77C1AEED23EB137F00EFAF31 /* CharacterScreen.swift in Sources */ = {isa = PBXBuildFile; fileRef = 77C1AEEC23EB137F00EFAF31 /* CharacterScreen.swift */; };
/* End PBXBuildFile section */

/* Begin PBXContainerItemProxy section */
		778E903023E39E72002F067A /* PBXContainerItemProxy */ = {
			isa = PBXContainerItemProxy;
			containerPortal = 778E900E23E39E70002F067A /* Project object */;
			proxyType = 1;
			remoteGlobalIDString = 778E901523E39E70002F067A;
			remoteInfo = "SWAPI-SwiftUI";
		};
		778E903B23E39E72002F067A /* PBXContainerItemProxy */ = {
			isa = PBXContainerItemProxy;
			containerPortal = 778E900E23E39E70002F067A /* Project object */;
			proxyType = 1;
			remoteGlobalIDString = 778E901523E39E70002F067A;
			remoteInfo = "SWAPI-SwiftUI";
		};
/* End PBXContainerItemProxy section */

/* Begin PBXFileReference section */
		778E901623E39E70002F067A /* SWAPI-SwiftUI.app */ = {isa = PBXFileReference; explicitFileType = wrapper.application; includeInIndex = 0; path = "SWAPI-SwiftUI.app"; sourceTree = BUILT_PRODUCTS_DIR; };
		778E901923E39E70002F067A /* AppDelegate.swift */ = {isa = PBXFileReference; lastKnownFileType = sourcecode.swift; path = AppDelegate.swift; sourceTree = "<group>"; };
		778E901B23E39E70002F067A /* SceneDelegate.swift */ = {isa = PBXFileReference; lastKnownFileType = sourcecode.swift; path = SceneDelegate.swift; sourceTree = "<group>"; };
		778E901E23E39E70002F067A /* SWAPI_SwiftUI.xcdatamodel */ = {isa = PBXFileReference; lastKnownFileType = wrapper.xcdatamodel; path = SWAPI_SwiftUI.xcdatamodel; sourceTree = "<group>"; };
		778E902023E39E70002F067A /* ContentView.swift */ = {isa = PBXFileReference; lastKnownFileType = sourcecode.swift; path = ContentView.swift; sourceTree = "<group>"; };
		778E902223E39E72002F067A /* Assets.xcassets */ = {isa = PBXFileReference; lastKnownFileType = folder.assetcatalog; path = Assets.xcassets; sourceTree = "<group>"; };
		778E902523E39E72002F067A /* Preview Assets.xcassets */ = {isa = PBXFileReference; lastKnownFileType = folder.assetcatalog; path = "Preview Assets.xcassets"; sourceTree = "<group>"; };
		778E902823E39E72002F067A /* Base */ = {isa = PBXFileReference; lastKnownFileType = file.storyboard; name = Base; path = Base.lproj/LaunchScreen.storyboard; sourceTree = "<group>"; };
		778E902A23E39E72002F067A /* Info.plist */ = {isa = PBXFileReference; lastKnownFileType = text.plist.xml; path = Info.plist; sourceTree = "<group>"; };
		778E902F23E39E72002F067A /* SWAPI-SwiftUITests.xctest */ = {isa = PBXFileReference; explicitFileType = wrapper.cfbundle; includeInIndex = 0; path = "SWAPI-SwiftUITests.xctest"; sourceTree = BUILT_PRODUCTS_DIR; };
		778E903323E39E72002F067A /* SWAPI_SwiftUITests.swift */ = {isa = PBXFileReference; lastKnownFileType = sourcecode.swift; path = SWAPI_SwiftUITests.swift; sourceTree = "<group>"; };
		778E903523E39E72002F067A /* Info.plist */ = {isa = PBXFileReference; lastKnownFileType = text.plist.xml; path = Info.plist; sourceTree = "<group>"; };
		778E903A23E39E72002F067A /* SWAPI-SwiftUIUITests.xctest */ = {isa = PBXFileReference; explicitFileType = wrapper.cfbundle; includeInIndex = 0; path = "SWAPI-SwiftUIUITests.xctest"; sourceTree = BUILT_PRODUCTS_DIR; };
		778E903E23E39E72002F067A /* SWAPI_SwiftUIUITests.swift */ = {isa = PBXFileReference; lastKnownFileType = sourcecode.swift; path = SWAPI_SwiftUIUITests.swift; sourceTree = "<group>"; };
		778E904023E39E72002F067A /* Info.plist */ = {isa = PBXFileReference; lastKnownFileType = text.plist.xml; path = Info.plist; sourceTree = "<group>"; };
		778E904C23E39F31002F067A /* MenuScreen.swift */ = {isa = PBXFileReference; lastKnownFileType = sourcecode.swift; path = MenuScreen.swift; sourceTree = "<group>"; };
		778E904E23E4887A002F067A /* Character.swift */ = {isa = PBXFileReference; lastKnownFileType = sourcecode.swift; path = Character.swift; sourceTree = "<group>"; };
		77C1AEE823EA1BE700EFAF31 /* Starjedi.ttf */ = {isa = PBXFileReference; lastKnownFileType = file; path = Starjedi.ttf; sourceTree = "<group>"; };
		77C1AEEA23EA22E500EFAF31 /* CharacterData.swift */ = {isa = PBXFileReference; lastKnownFileType = sourcecode.swift; path = CharacterData.swift; sourceTree = "<group>"; };
		77C1AEEC23EB137F00EFAF31 /* CharacterScreen.swift */ = {isa = PBXFileReference; lastKnownFileType = sourcecode.swift; path = CharacterScreen.swift; sourceTree = "<group>"; };
/* End PBXFileReference section */

/* Begin PBXFrameworksBuildPhase section */
		778E901323E39E70002F067A /* Frameworks */ = {
			isa = PBXFrameworksBuildPhase;
			buildActionMask = 2147483647;
			files = (
			);
			runOnlyForDeploymentPostprocessing = 0;
		};
		778E902C23E39E72002F067A /* Frameworks */ = {
			isa = PBXFrameworksBuildPhase;
			buildActionMask = 2147483647;
			files = (
			);
			runOnlyForDeploymentPostprocessing = 0;
		};
		778E903723E39E72002F067A /* Frameworks */ = {
			isa = PBXFrameworksBuildPhase;
			buildActionMask = 2147483647;
			files = (
			);
			runOnlyForDeploymentPostprocessing = 0;
		};
/* End PBXFrameworksBuildPhase section */

/* Begin PBXGroup section */
		778E900D23E39E70002F067A = {
			isa = PBXGroup;
			children = (
				778E901823E39E70002F067A /* SWAPI-SwiftUI */,
				778E903223E39E72002F067A /* SWAPI-SwiftUITests */,
				778E903D23E39E72002F067A /* SWAPI-SwiftUIUITests */,
				778E901723E39E70002F067A /* Products */,
			);
			sourceTree = "<group>";
		};
		778E901723E39E70002F067A /* Products */ = {
			isa = PBXGroup;
			children = (
				778E901623E39E70002F067A /* SWAPI-SwiftUI.app */,
				778E902F23E39E72002F067A /* SWAPI-SwiftUITests.xctest */,
				778E903A23E39E72002F067A /* SWAPI-SwiftUIUITests.xctest */,
			);
			name = Products;
			sourceTree = "<group>";
		};
		778E901823E39E70002F067A /* SWAPI-SwiftUI */ = {
			isa = PBXGroup;
			children = (
				77DFC45F23EA17120065C584 /* fonts */,
				778E905123E4BB20002F067A /* screens */,
				778E905023E4BB03002F067A /* models */,
				778E901923E39E70002F067A /* AppDelegate.swift */,
				778E901B23E39E70002F067A /* SceneDelegate.swift */,
				778E902023E39E70002F067A /* ContentView.swift */,
				778E902223E39E72002F067A /* Assets.xcassets */,
				778E902723E39E72002F067A /* LaunchScreen.storyboard */,
				778E902A23E39E72002F067A /* Info.plist */,
				778E901D23E39E70002F067A /* SWAPI_SwiftUI.xcdatamodeld */,
				778E902423E39E72002F067A /* Preview Content */,
			);
			path = "SWAPI-SwiftUI";
			sourceTree = "<group>";
		};
		778E902423E39E72002F067A /* Preview Content */ = {
			isa = PBXGroup;
			children = (
				778E902523E39E72002F067A /* Preview Assets.xcassets */,
			);
			path = "Preview Content";
			sourceTree = "<group>";
		};
		778E903223E39E72002F067A /* SWAPI-SwiftUITests */ = {
			isa = PBXGroup;
			children = (
				778E903323E39E72002F067A /* SWAPI_SwiftUITests.swift */,
				778E903523E39E72002F067A /* Info.plist */,
			);
			path = "SWAPI-SwiftUITests";
			sourceTree = "<group>";
		};
		778E903D23E39E72002F067A /* SWAPI-SwiftUIUITests */ = {
			isa = PBXGroup;
			children = (
				778E903E23E39E72002F067A /* SWAPI_SwiftUIUITests.swift */,
				778E904023E39E72002F067A /* Info.plist */,
			);
			path = "SWAPI-SwiftUIUITests";
			sourceTree = "<group>";
		};
		778E905023E4BB03002F067A /* models */ = {
			isa = PBXGroup;
			children = (
				778E904E23E4887A002F067A /* Character.swift */,
				77C1AEEA23EA22E500EFAF31 /* CharacterData.swift */,
			);
			path = models;
			sourceTree = "<group>";
		};
		778E905123E4BB20002F067A /* screens */ = {
			isa = PBXGroup;
			children = (
				778E904C23E39F31002F067A /* MenuScreen.swift */,
				77C1AEEC23EB137F00EFAF31 /* CharacterScreen.swift */,
			);
			path = screens;
			sourceTree = "<group>";
		};
		77DFC45F23EA17120065C584 /* fonts */ = {
			isa = PBXGroup;
			children = (
				77C1AEE823EA1BE700EFAF31 /* Starjedi.ttf */,
			);
			path = fonts;
			sourceTree = "<group>";
		};
/* End PBXGroup section */

/* Begin PBXNativeTarget section */
		778E901523E39E70002F067A /* SWAPI-SwiftUI */ = {
			isa = PBXNativeTarget;
			buildConfigurationList = 778E904323E39E72002F067A /* Build configuration list for PBXNativeTarget "SWAPI-SwiftUI" */;
			buildPhases = (
				778E901223E39E70002F067A /* Sources */,
				778E901323E39E70002F067A /* Frameworks */,
				778E901423E39E70002F067A /* Resources */,
			);
			buildRules = (
			);
			dependencies = (
			);
			name = "SWAPI-SwiftUI";
			productName = "SWAPI-SwiftUI";
			productReference = 778E901623E39E70002F067A /* SWAPI-SwiftUI.app */;
			productType = "com.apple.product-type.application";
		};
		778E902E23E39E72002F067A /* SWAPI-SwiftUITests */ = {
			isa = PBXNativeTarget;
			buildConfigurationList = 778E904623E39E72002F067A /* Build configuration list for PBXNativeTarget "SWAPI-SwiftUITests" */;
			buildPhases = (
				778E902B23E39E72002F067A /* Sources */,
				778E902C23E39E72002F067A /* Frameworks */,
				778E902D23E39E72002F067A /* Resources */,
			);
			buildRules = (
			);
			dependencies = (
				778E903123E39E72002F067A /* PBXTargetDependency */,
			);
			name = "SWAPI-SwiftUITests";
			productName = "SWAPI-SwiftUITests";
			productReference = 778E902F23E39E72002F067A /* SWAPI-SwiftUITests.xctest */;
			productType = "com.apple.product-type.bundle.unit-test";
		};
		778E903923E39E72002F067A /* SWAPI-SwiftUIUITests */ = {
			isa = PBXNativeTarget;
			buildConfigurationList = 778E904923E39E72002F067A /* Build configuration list for PBXNativeTarget "SWAPI-SwiftUIUITests" */;
			buildPhases = (
				778E903623E39E72002F067A /* Sources */,
				778E903723E39E72002F067A /* Frameworks */,
				778E903823E39E72002F067A /* Resources */,
			);
			buildRules = (
			);
			dependencies = (
				778E903C23E39E72002F067A /* PBXTargetDependency */,
			);
			name = "SWAPI-SwiftUIUITests";
			productName = "SWAPI-SwiftUIUITests";
			productReference = 778E903A23E39E72002F067A /* SWAPI-SwiftUIUITests.xctest */;
			productType = "com.apple.product-type.bundle.ui-testing";
		};
/* End PBXNativeTarget section */

/* Begin PBXProject section */
		778E900E23E39E70002F067A /* Project object */ = {
			isa = PBXProject;
			attributes = {
				LastSwiftUpdateCheck = 1120;
				LastUpgradeCheck = 1120;
				ORGANIZATIONNAME = "Tori George";
				TargetAttributes = {
					778E901523E39E70002F067A = {
						CreatedOnToolsVersion = 11.2;
					};
					778E902E23E39E72002F067A = {
						CreatedOnToolsVersion = 11.2;
						TestTargetID = 778E901523E39E70002F067A;
					};
					778E903923E39E72002F067A = {
						CreatedOnToolsVersion = 11.2;
						TestTargetID = 778E901523E39E70002F067A;
					};
				};
			};
			buildConfigurationList = 778E901123E39E70002F067A /* Build configuration list for PBXProject "SWAPI-SwiftUI" */;
			compatibilityVersion = "Xcode 9.3";
			developmentRegion = en;
			hasScannedForEncodings = 0;
			knownRegions = (
				en,
				Base,
			);
			mainGroup = 778E900D23E39E70002F067A;
			productRefGroup = 778E901723E39E70002F067A /* Products */;
			projectDirPath = "";
			projectRoot = "";
			targets = (
				778E901523E39E70002F067A /* SWAPI-SwiftUI */,
				778E902E23E39E72002F067A /* SWAPI-SwiftUITests */,
				778E903923E39E72002F067A /* SWAPI-SwiftUIUITests */,
			);
		};
/* End PBXProject section */

/* Begin PBXResourcesBuildPhase section */
		778E901423E39E70002F067A /* Resources */ = {
			isa = PBXResourcesBuildPhase;
			buildActionMask = 2147483647;
			files = (
				778E902923E39E72002F067A /* LaunchScreen.storyboard in Resources */,
				778E902623E39E72002F067A /* Preview Assets.xcassets in Resources */,
				778E902323E39E72002F067A /* Assets.xcassets in Resources */,
				77C1AEE923EA1BE700EFAF31 /* Starjedi.ttf in Resources */,
			);
			runOnlyForDeploymentPostprocessing = 0;
		};
		778E902D23E39E72002F067A /* Resources */ = {
			isa = PBXResourcesBuildPhase;
			buildActionMask = 2147483647;
			files = (
			);
			runOnlyForDeploymentPostprocessing = 0;
		};
		778E903823E39E72002F067A /* Resources */ = {
			isa = PBXResourcesBuildPhase;
			buildActionMask = 2147483647;
			files = (
			);
			runOnlyForDeploymentPostprocessing = 0;
		};
/* End PBXResourcesBuildPhase section */

/* Begin PBXSourcesBuildPhase section */
		778E901223E39E70002F067A /* Sources */ = {
			isa = PBXSourcesBuildPhase;
			buildActionMask = 2147483647;
			files = (
				77C1AEEB23EA22E500EFAF31 /* CharacterData.swift in Sources */,
				778E904D23E39F31002F067A /* MenuScreen.swift in Sources */,
				778E901F23E39E70002F067A /* SWAPI_SwiftUI.xcdatamodeld in Sources */,
				778E901A23E39E70002F067A /* AppDelegate.swift in Sources */,
				778E904F23E4887A002F067A /* Character.swift in Sources */,
				77C1AEED23EB137F00EFAF31 /* CharacterScreen.swift in Sources */,
				778E902123E39E70002F067A /* ContentView.swift in Sources */,
				778E901C23E39E70002F067A /* SceneDelegate.swift in Sources */,
			);
			runOnlyForDeploymentPostprocessing = 0;
		};
		778E902B23E39E72002F067A /* Sources */ = {
			isa = PBXSourcesBuildPhase;
			buildActionMask = 2147483647;
			files = (
				778E903423E39E72002F067A /* SWAPI_SwiftUITests.swift in Sources */,
			);
			runOnlyForDeploymentPostprocessing = 0;
		};
		778E903623E39E72002F067A /* Sources */ = {
			isa = PBXSourcesBuildPhase;
			buildActionMask = 2147483647;
			files = (
				778E903F23E39E72002F067A /* SWAPI_SwiftUIUITests.swift in Sources */,
			);
			runOnlyForDeploymentPostprocessing = 0;
		};
/* End PBXSourcesBuildPhase section */

/* Begin PBXTargetDependency section */
		778E903123E39E72002F067A /* PBXTargetDependency */ = {
			isa = PBXTargetDependency;
			target = 778E901523E39E70002F067A /* SWAPI-SwiftUI */;
			targetProxy = 778E903023E39E72002F067A /* PBXContainerItemProxy */;
		};
		778E903C23E39E72002F067A /* PBXTargetDependency */ = {
			isa = PBXTargetDependency;
			target = 778E901523E39E70002F067A /* SWAPI-SwiftUI */;
			targetProxy = 778E903B23E39E72002F067A /* PBXContainerItemProxy */;
		};
/* End PBXTargetDependency section */

/* Begin PBXVariantGroup section */
		778E902723E39E72002F067A /* LaunchScreen.storyboard */ = {
			isa = PBXVariantGroup;
			children = (
				778E902823E39E72002F067A /* Base */,
			);
			name = LaunchScreen.storyboard;
			sourceTree = "<group>";
		};
/* End PBXVariantGroup section */

/* Begin XCBuildConfiguration section */
		778E904123E39E72002F067A /* Debug */ = {
			isa = XCBuildConfiguration;
			buildSettings = {
				ALWAYS_SEARCH_USER_PATHS = NO;
				CLANG_ANALYZER_NONNULL = YES;
				CLANG_ANALYZER_NUMBER_OBJECT_CONVERSION = YES_AGGRESSIVE;
				CLANG_CXX_LANGUAGE_STANDARD = "gnu++14";
				CLANG_CXX_LIBRARY = "libc++";
				CLANG_ENABLE_MODULES = YES;
				CLANG_ENABLE_OBJC_ARC = YES;
				CLANG_ENABLE_OBJC_WEAK = YES;
				CLANG_WARN_BLOCK_CAPTURE_AUTORELEASING = YES;
				CLANG_WARN_BOOL_CONVERSION = YES;
				CLANG_WARN_COMMA = YES;
				CLANG_WARN_CONSTANT_CONVERSION = YES;
				CLANG_WARN_DEPRECATED_OBJC_IMPLEMENTATIONS = YES;
				CLANG_WARN_DIRECT_OBJC_ISA_USAGE = YES_ERROR;
				CLANG_WARN_DOCUMENTATION_COMMENTS = YES;
				CLANG_WARN_EMPTY_BODY = YES;
				CLANG_WARN_ENUM_CONVERSION = YES;
				CLANG_WARN_INFINITE_RECURSION = YES;
				CLANG_WARN_INT_CONVERSION = YES;
				CLANG_WARN_NON_LITERAL_NULL_CONVERSION = YES;
				CLANG_WARN_OBJC_IMPLICIT_RETAIN_SELF = YES;
				CLANG_WARN_OBJC_LITERAL_CONVERSION = YES;
				CLANG_WARN_OBJC_ROOT_CLASS = YES_ERROR;
				CLANG_WARN_RANGE_LOOP_ANALYSIS = YES;
				CLANG_WARN_STRICT_PROTOTYPES = YES;
				CLANG_WARN_SUSPICIOUS_MOVE = YES;
				CLANG_WARN_UNGUARDED_AVAILABILITY = YES_AGGRESSIVE;
				CLANG_WARN_UNREACHABLE_CODE = YES;
				CLANG_WARN__DUPLICATE_METHOD_MATCH = YES;
				COPY_PHASE_STRIP = NO;
				DEBUG_INFORMATION_FORMAT = dwarf;
				ENABLE_STRICT_OBJC_MSGSEND = YES;
				ENABLE_TESTABILITY = YES;
				GCC_C_LANGUAGE_STANDARD = gnu11;
				GCC_DYNAMIC_NO_PIC = NO;
				GCC_NO_COMMON_BLOCKS = YES;
				GCC_OPTIMIZATION_LEVEL = 0;
				GCC_PREPROCESSOR_DEFINITIONS = (
					"DEBUG=1",
					"$(inherited)",
				);
				GCC_WARN_64_TO_32_BIT_CONVERSION = YES;
				GCC_WARN_ABOUT_RETURN_TYPE = YES_ERROR;
				GCC_WARN_UNDECLARED_SELECTOR = YES;
				GCC_WARN_UNINITIALIZED_AUTOS = YES_AGGRESSIVE;
				GCC_WARN_UNUSED_FUNCTION = YES;
				GCC_WARN_UNUSED_VARIABLE = YES;
				IPHONEOS_DEPLOYMENT_TARGET = 13.2;
				MTL_ENABLE_DEBUG_INFO = INCLUDE_SOURCE;
				MTL_FAST_MATH = YES;
				ONLY_ACTIVE_ARCH = YES;
				SDKROOT = iphoneos;
				SWIFT_ACTIVE_COMPILATION_CONDITIONS = DEBUG;
				SWIFT_OPTIMIZATION_LEVEL = "-Onone";
			};
			name = Debug;
		};
		778E904223E39E72002F067A /* Release */ = {
			isa = XCBuildConfiguration;
			buildSettings = {
				ALWAYS_SEARCH_USER_PATHS = NO;
				CLANG_ANALYZER_NONNULL = YES;
				CLANG_ANALYZER_NUMBER_OBJECT_CONVERSION = YES_AGGRESSIVE;
				CLANG_CXX_LANGUAGE_STANDARD = "gnu++14";
				CLANG_CXX_LIBRARY = "libc++";
				CLANG_ENABLE_MODULES = YES;
				CLANG_ENABLE_OBJC_ARC = YES;
				CLANG_ENABLE_OBJC_WEAK = YES;
				CLANG_WARN_BLOCK_CAPTURE_AUTORELEASING = YES;
				CLANG_WARN_BOOL_CONVERSION = YES;
				CLANG_WARN_COMMA = YES;
				CLANG_WARN_CONSTANT_CONVERSION = YES;
				CLANG_WARN_DEPRECATED_OBJC_IMPLEMENTATIONS = YES;
				CLANG_WARN_DIRECT_OBJC_ISA_USAGE = YES_ERROR;
				CLANG_WARN_DOCUMENTATION_COMMENTS = YES;
				CLANG_WARN_EMPTY_BODY = YES;
				CLANG_WARN_ENUM_CONVERSION = YES;
				CLANG_WARN_INFINITE_RECURSION = YES;
				CLANG_WARN_INT_CONVERSION = YES;
				CLANG_WARN_NON_LITERAL_NULL_CONVERSION = YES;
				CLANG_WARN_OBJC_IMPLICIT_RETAIN_SELF = YES;
				CLANG_WARN_OBJC_LITERAL_CONVERSION = YES;
				CLANG_WARN_OBJC_ROOT_CLASS = YES_ERROR;
				CLANG_WARN_RANGE_LOOP_ANALYSIS = YES;
				CLANG_WARN_STRICT_PROTOTYPES = YES;
				CLANG_WARN_SUSPICIOUS_MOVE = YES;
				CLANG_WARN_UNGUARDED_AVAILABILITY = YES_AGGRESSIVE;
				CLANG_WARN_UNREACHABLE_CODE = YES;
				CLANG_WARN__DUPLICATE_METHOD_MATCH = YES;
				COPY_PHASE_STRIP = NO;
				DEBUG_INFORMATION_FORMAT = "dwarf-with-dsym";
				ENABLE_NS_ASSERTIONS = NO;
				ENABLE_STRICT_OBJC_MSGSEND = YES;
				GCC_C_LANGUAGE_STANDARD = gnu11;
				GCC_NO_COMMON_BLOCKS = YES;
				GCC_WARN_64_TO_32_BIT_CONVERSION = YES;
				GCC_WARN_ABOUT_RETURN_TYPE = YES_ERROR;
				GCC_WARN_UNDECLARED_SELECTOR = YES;
				GCC_WARN_UNINITIALIZED_AUTOS = YES_AGGRESSIVE;
				GCC_WARN_UNUSED_FUNCTION = YES;
				GCC_WARN_UNUSED_VARIABLE = YES;
				IPHONEOS_DEPLOYMENT_TARGET = 13.2;
				MTL_ENABLE_DEBUG_INFO = NO;
				MTL_FAST_MATH = YES;
				SDKROOT = iphoneos;
				SWIFT_COMPILATION_MODE = wholemodule;
				SWIFT_OPTIMIZATION_LEVEL = "-O";
				VALIDATE_PRODUCT = YES;
			};
			name = Release;
		};
		778E904423E39E72002F067A /* Debug */ = {
			isa = XCBuildConfiguration;
			buildSettings = {
				ASSETCATALOG_COMPILER_APPICON_NAME = AppIcon;
				CODE_SIGN_STYLE = Automatic;
				DEVELOPMENT_ASSET_PATHS = "\"SWAPI-SwiftUI/Preview Content\"";
				DEVELOPMENT_TEAM = EAB384622G;
				ENABLE_PREVIEWS = YES;
				INFOPLIST_FILE = "SWAPI-SwiftUI/Info.plist";
				LD_RUNPATH_SEARCH_PATHS = (
					"$(inherited)",
					"@executable_path/Frameworks",
				);
				PRODUCT_BUNDLE_IDENTIFIER = "com.coreconstructions.SWAPI-SwiftUI";
				PRODUCT_NAME = "$(TARGET_NAME)";
				SWIFT_VERSION = 5.0;
				TARGETED_DEVICE_FAMILY = "1,2";
			};
			name = Debug;
		};
		778E904523E39E72002F067A /* Release */ = {
			isa = XCBuildConfiguration;
			buildSettings = {
				ASSETCATALOG_COMPILER_APPICON_NAME = AppIcon;
				CODE_SIGN_STYLE = Automatic;
				DEVELOPMENT_ASSET_PATHS = "\"SWAPI-SwiftUI/Preview Content\"";
				DEVELOPMENT_TEAM = EAB384622G;
				ENABLE_PREVIEWS = YES;
				INFOPLIST_FILE = "SWAPI-SwiftUI/Info.plist";
				LD_RUNPATH_SEARCH_PATHS = (
					"$(inherited)",
					"@executable_path/Frameworks",
				);
				PRODUCT_BUNDLE_IDENTIFIER = "com.coreconstructions.SWAPI-SwiftUI";
				PRODUCT_NAME = "$(TARGET_NAME)";
				SWIFT_VERSION = 5.0;
				TARGETED_DEVICE_FAMILY = "1,2";
			};
			name = Release;
		};
		778E904723E39E72002F067A /* Debug */ = {
			isa = XCBuildConfiguration;
			buildSettings = {
				ALWAYS_EMBED_SWIFT_STANDARD_LIBRARIES = YES;
				BUNDLE_LOADER = "$(TEST_HOST)";
				CODE_SIGN_STYLE = Automatic;
				DEVELOPMENT_TEAM = EAB384622G;
				INFOPLIST_FILE = "SWAPI-SwiftUITests/Info.plist";
				IPHONEOS_DEPLOYMENT_TARGET = 13.2;
				LD_RUNPATH_SEARCH_PATHS = (
					"$(inherited)",
					"@executable_path/Frameworks",
					"@loader_path/Frameworks",
				);
				PRODUCT_BUNDLE_IDENTIFIER = "com.coreconstructions.SWAPI-SwiftUITests";
				PRODUCT_NAME = "$(TARGET_NAME)";
				SWIFT_VERSION = 5.0;
				TARGETED_DEVICE_FAMILY = "1,2";
				TEST_HOST = "$(BUILT_PRODUCTS_DIR)/SWAPI-SwiftUI.app/SWAPI-SwiftUI";
			};
			name = Debug;
		};
		778E904823E39E72002F067A /* Release */ = {
			isa = XCBuildConfiguration;
			buildSettings = {
				ALWAYS_EMBED_SWIFT_STANDARD_LIBRARIES = YES;
				BUNDLE_LOADER = "$(TEST_HOST)";
				CODE_SIGN_STYLE = Automatic;
				DEVELOPMENT_TEAM = EAB384622G;
				INFOPLIST_FILE = "SWAPI-SwiftUITests/Info.plist";
				IPHONEOS_DEPLOYMENT_TARGET = 13.2;
				LD_RUNPATH_SEARCH_PATHS = (
					"$(inherited)",
					"@executable_path/Frameworks",
					"@loader_path/Frameworks",
				);
				PRODUCT_BUNDLE_IDENTIFIER = "com.coreconstructions.SWAPI-SwiftUITests";
				PRODUCT_NAME = "$(TARGET_NAME)";
				SWIFT_VERSION = 5.0;
				TARGETED_DEVICE_FAMILY = "1,2";
				TEST_HOST = "$(BUILT_PRODUCTS_DIR)/SWAPI-SwiftUI.app/SWAPI-SwiftUI";
			};
			name = Release;
		};
		778E904A23E39E72002F067A /* Debug */ = {
			isa = XCBuildConfiguration;
			buildSettings = {
				ALWAYS_EMBED_SWIFT_STANDARD_LIBRARIES = YES;
				CODE_SIGN_STYLE = Automatic;
				DEVELOPMENT_TEAM = EAB384622G;
				INFOPLIST_FILE = "SWAPI-SwiftUIUITests/Info.plist";
				LD_RUNPATH_SEARCH_PATHS = (
					"$(inherited)",
					"@executable_path/Frameworks",
					"@loader_path/Frameworks",
				);
				PRODUCT_BUNDLE_IDENTIFIER = "com.coreconstructions.SWAPI-SwiftUIUITests";
				PRODUCT_NAME = "$(TARGET_NAME)";
				SWIFT_VERSION = 5.0;
				TARGETED_DEVICE_FAMILY = "1,2";
				TEST_TARGET_NAME = "SWAPI-SwiftUI";
			};
			name = Debug;
		};
		778E904B23E39E72002F067A /* Release */ = {
			isa = XCBuildConfiguration;
			buildSettings = {
				ALWAYS_EMBED_SWIFT_STANDARD_LIBRARIES = YES;
				CODE_SIGN_STYLE = Automatic;
				DEVELOPMENT_TEAM = EAB384622G;
				INFOPLIST_FILE = "SWAPI-SwiftUIUITests/Info.plist";
				LD_RUNPATH_SEARCH_PATHS = (
					"$(inherited)",
					"@executable_path/Frameworks",
					"@loader_path/Frameworks",
				);
				PRODUCT_BUNDLE_IDENTIFIER = "com.coreconstructions.SWAPI-SwiftUIUITests";
				PRODUCT_NAME = "$(TARGET_NAME)";
				SWIFT_VERSION = 5.0;
				TARGETED_DEVICE_FAMILY = "1,2";
				TEST_TARGET_NAME = "SWAPI-SwiftUI";
			};
			name = Release;
		};
/* End XCBuildConfiguration section */

/* Begin XCConfigurationList section */
		778E901123E39E70002F067A /* Build configuration list for PBXProject "SWAPI-SwiftUI" */ = {
			isa = XCConfigurationList;
			buildConfigurations = (
				778E904123E39E72002F067A /* Debug */,
				778E904223E39E72002F067A /* Release */,
			);
			defaultConfigurationIsVisible = 0;
			defaultConfigurationName = Release;
		};
		778E904323E39E72002F067A /* Build configuration list for PBXNativeTarget "SWAPI-SwiftUI" */ = {
			isa = XCConfigurationList;
			buildConfigurations = (
				778E904423E39E72002F067A /* Debug */,
				778E904523E39E72002F067A /* Release */,
			);
			defaultConfigurationIsVisible = 0;
			defaultConfigurationName = Release;
		};
		778E904623E39E72002F067A /* Build configuration list for PBXNativeTarget "SWAPI-SwiftUITests" */ = {
			isa = XCConfigurationList;
			buildConfigurations = (
				778E904723E39E72002F067A /* Debug */,
				778E904823E39E72002F067A /* Release */,
			);
			defaultConfigurationIsVisible = 0;
			defaultConfigurationName = Release;
		};
		778E904923E39E72002F067A /* Build configuration list for PBXNativeTarget "SWAPI-SwiftUIUITests" */ = {
			isa = XCConfigurationList;
			buildConfigurations = (
				778E904A23E39E72002F067A /* Debug */,
				778E904B23E39E72002F067A /* Release */,
			);
			defaultConfigurationIsVisible = 0;
			defaultConfigurationName = Release;
		};
/* End XCConfigurationList section */

/* Begin XCVersionGroup section */
		778E901D23E39E70002F067A /* SWAPI_SwiftUI.xcdatamodeld */ = {
			isa = XCVersionGroup;
			children = (
				778E901E23E39E70002F067A /* SWAPI_SwiftUI.xcdatamodel */,
			);
			currentVersion = 778E901E23E39E70002F067A /* SWAPI_SwiftUI.xcdatamodel */;
			path = SWAPI_SwiftUI.xcdatamodeld;
			sourceTree = "<group>";
			versionGroupType = wrapper.xcdatamodel;
		};
/* End XCVersionGroup section */
	};
	rootObject = 778E900E23E39E70002F067A /* Project object */;
}
